// !$*UTF8*$!
{
	archiveVersion = 1;
	classes = {
	};
	objectVersion = 51;
	objects = {

/* Begin PBXBuildFile section */
		27AE06B93E1B42FF4EFFE4C0 /* Pods_CarrotMarketTests.framework in Frameworks */ = {isa = PBXBuildFile; fileRef = F30ADD8A62022EE6668F114A /* Pods_CarrotMarketTests.framework */; };
		2BED2E20FF7F457480306665 /* Pods_CarrotMarket_CarrotMarketUITests.framework in Frameworks */ = {isa = PBXBuildFile; fileRef = C2843DECF99CC7EAA4B1991D /* Pods_CarrotMarket_CarrotMarketUITests.framework */; };
		A4D5851D56EE0EDA7A6A2F33 /* Pods_CarrotMarket.framework in Frameworks */ = {isa = PBXBuildFile; fileRef = 91B509710C72C39DEC0744C3 /* Pods_CarrotMarket.framework */; };
		FF0437F626A18C9E00AEB63F /* Goods.swift in Sources */ = {isa = PBXBuildFile; fileRef = FF0437F526A18C9E00AEB63F /* Goods.swift */; };
		FF0437F826A198F900AEB63F /* ContectState.swift in Sources */ = {isa = PBXBuildFile; fileRef = FF0437F726A198F900AEB63F /* ContectState.swift */; };
		FF0437FB26A19F0400AEB63F /* HomeViewModel.swift in Sources */ = {isa = PBXBuildFile; fileRef = FF0437FA26A19F0400AEB63F /* HomeViewModel.swift */; };
		FF0437FD26A2B92A00AEB63F /* ViewGoods.swift in Sources */ = {isa = PBXBuildFile; fileRef = FF0437FC26A2B92A00AEB63F /* ViewGoods.swift */; };
		FFB8E99E26A1228200A5A1CC /* AppDelegate.swift in Sources */ = {isa = PBXBuildFile; fileRef = FFB8E99D26A1228200A5A1CC /* AppDelegate.swift */; };
		FFB8E9A026A1228200A5A1CC /* SceneDelegate.swift in Sources */ = {isa = PBXBuildFile; fileRef = FFB8E99F26A1228200A5A1CC /* SceneDelegate.swift */; };
		FFB8E9A226A1228200A5A1CC /* HomeViewController.swift in Sources */ = {isa = PBXBuildFile; fileRef = FFB8E9A126A1228200A5A1CC /* HomeViewController.swift */; };
		FFB8E9A726A1228400A5A1CC /* Assets.xcassets in Resources */ = {isa = PBXBuildFile; fileRef = FFB8E9A626A1228400A5A1CC /* Assets.xcassets */; };
		FFB8E9AA26A1228400A5A1CC /* LaunchScreen.storyboard in Resources */ = {isa = PBXBuildFile; fileRef = FFB8E9A826A1228400A5A1CC /* LaunchScreen.storyboard */; };
		FFB8E9B526A1228400A5A1CC /* CarrotMarketTests.swift in Sources */ = {isa = PBXBuildFile; fileRef = FFB8E9B426A1228400A5A1CC /* CarrotMarketTests.swift */; };
		FFB8E9C026A1228400A5A1CC /* CarrotMarketUITests.swift in Sources */ = {isa = PBXBuildFile; fileRef = FFB8E9BF26A1228400A5A1CC /* CarrotMarketUITests.swift */; };
		FFB8E9CE26A1282400A5A1CC /* GoodsListCellNode.swift in Sources */ = {isa = PBXBuildFile; fileRef = FFB8E9CD26A1282400A5A1CC /* GoodsListCellNode.swift */; };
		FFCD057326A675A100AF76FE /* NetworkService.swift in Sources */ = {isa = PBXBuildFile; fileRef = FFCD057226A675A100AF76FE /* NetworkService.swift */; };
		FFCD057526A67DA800AF76FE /* GoodsStore.swift in Sources */ = {isa = PBXBuildFile; fileRef = FFCD057426A67DA800AF76FE /* GoodsStore.swift */; };
		FFE4B8C826A814D900753160 /* goods.json in Resources */ = {isa = PBXBuildFile; fileRef = FFE4B8C726A814D900753160 /* goods.json */; };
/* End PBXBuildFile section */

/* Begin PBXContainerItemProxy section */
		FFB8E9B126A1228400A5A1CC /* PBXContainerItemProxy */ = {
			isa = PBXContainerItemProxy;
			containerPortal = FFB8E99226A1228200A5A1CC /* Project object */;
			proxyType = 1;
			remoteGlobalIDString = FFB8E99926A1228200A5A1CC;
			remoteInfo = CarrotMarket;
		};
		FFB8E9BC26A1228400A5A1CC /* PBXContainerItemProxy */ = {
			isa = PBXContainerItemProxy;
			containerPortal = FFB8E99226A1228200A5A1CC /* Project object */;
			proxyType = 1;
			remoteGlobalIDString = FFB8E99926A1228200A5A1CC;
			remoteInfo = CarrotMarket;
		};
/* End PBXContainerItemProxy section */

/* Begin PBXFileReference section */
		2259646BC9589EB528F52CB5 /* Pods-CarrotMarket.debug.xcconfig */ = {isa = PBXFileReference; includeInIndex = 1; lastKnownFileType = text.xcconfig; name = "Pods-CarrotMarket.debug.xcconfig"; path = "Target Support Files/Pods-CarrotMarket/Pods-CarrotMarket.debug.xcconfig"; sourceTree = "<group>"; };
		28D51CEAB119E6F37CB14C08 /* Pods-CarrotMarket-CarrotMarketUITests.debug.xcconfig */ = {isa = PBXFileReference; includeInIndex = 1; lastKnownFileType = text.xcconfig; name = "Pods-CarrotMarket-CarrotMarketUITests.debug.xcconfig"; path = "Target Support Files/Pods-CarrotMarket-CarrotMarketUITests/Pods-CarrotMarket-CarrotMarketUITests.debug.xcconfig"; sourceTree = "<group>"; };
		775AB91BFEA1BA5516E4A243 /* Pods-CarrotMarket.release.xcconfig */ = {isa = PBXFileReference; includeInIndex = 1; lastKnownFileType = text.xcconfig; name = "Pods-CarrotMarket.release.xcconfig"; path = "Target Support Files/Pods-CarrotMarket/Pods-CarrotMarket.release.xcconfig"; sourceTree = "<group>"; };
		7A3C917D6E1186F49428AB47 /* Pods-CarrotMarket-CarrotMarketUITests.release.xcconfig */ = {isa = PBXFileReference; includeInIndex = 1; lastKnownFileType = text.xcconfig; name = "Pods-CarrotMarket-CarrotMarketUITests.release.xcconfig"; path = "Target Support Files/Pods-CarrotMarket-CarrotMarketUITests/Pods-CarrotMarket-CarrotMarketUITests.release.xcconfig"; sourceTree = "<group>"; };
		91B509710C72C39DEC0744C3 /* Pods_CarrotMarket.framework */ = {isa = PBXFileReference; explicitFileType = wrapper.framework; includeInIndex = 0; path = Pods_CarrotMarket.framework; sourceTree = BUILT_PRODUCTS_DIR; };
		ABF5B2481576324861CDA51F /* Pods-CarrotMarketTests.debug.xcconfig */ = {isa = PBXFileReference; includeInIndex = 1; lastKnownFileType = text.xcconfig; name = "Pods-CarrotMarketTests.debug.xcconfig"; path = "Target Support Files/Pods-CarrotMarketTests/Pods-CarrotMarketTests.debug.xcconfig"; sourceTree = "<group>"; };
		C2843DECF99CC7EAA4B1991D /* Pods_CarrotMarket_CarrotMarketUITests.framework */ = {isa = PBXFileReference; explicitFileType = wrapper.framework; includeInIndex = 0; path = Pods_CarrotMarket_CarrotMarketUITests.framework; sourceTree = BUILT_PRODUCTS_DIR; };
		E381C4C9A23E09366E72FE0D /* Pods-CarrotMarketTests.release.xcconfig */ = {isa = PBXFileReference; includeInIndex = 1; lastKnownFileType = text.xcconfig; name = "Pods-CarrotMarketTests.release.xcconfig"; path = "Target Support Files/Pods-CarrotMarketTests/Pods-CarrotMarketTests.release.xcconfig"; sourceTree = "<group>"; };
		F30ADD8A62022EE6668F114A /* Pods_CarrotMarketTests.framework */ = {isa = PBXFileReference; explicitFileType = wrapper.framework; includeInIndex = 0; path = Pods_CarrotMarketTests.framework; sourceTree = BUILT_PRODUCTS_DIR; };
		FF0437F526A18C9E00AEB63F /* Goods.swift */ = {isa = PBXFileReference; lastKnownFileType = sourcecode.swift; path = Goods.swift; sourceTree = "<group>"; };
		FF0437F726A198F900AEB63F /* ContectState.swift */ = {isa = PBXFileReference; lastKnownFileType = sourcecode.swift; path = ContectState.swift; sourceTree = "<group>"; };
		FF0437FA26A19F0400AEB63F /* HomeViewModel.swift */ = {isa = PBXFileReference; lastKnownFileType = sourcecode.swift; path = HomeViewModel.swift; sourceTree = "<group>"; };
		FF0437FC26A2B92A00AEB63F /* ViewGoods.swift */ = {isa = PBXFileReference; lastKnownFileType = sourcecode.swift; path = ViewGoods.swift; sourceTree = "<group>"; };
		FFB8E99A26A1228200A5A1CC /* CarrotMarket.app */ = {isa = PBXFileReference; explicitFileType = wrapper.application; includeInIndex = 0; path = CarrotMarket.app; sourceTree = BUILT_PRODUCTS_DIR; };
		FFB8E99D26A1228200A5A1CC /* AppDelegate.swift */ = {isa = PBXFileReference; lastKnownFileType = sourcecode.swift; path = AppDelegate.swift; sourceTree = "<group>"; };
		FFB8E99F26A1228200A5A1CC /* SceneDelegate.swift */ = {isa = PBXFileReference; lastKnownFileType = sourcecode.swift; path = SceneDelegate.swift; sourceTree = "<group>"; };
		FFB8E9A126A1228200A5A1CC /* HomeViewController.swift */ = {isa = PBXFileReference; lastKnownFileType = sourcecode.swift; path = HomeViewController.swift; sourceTree = "<group>"; };
		FFB8E9A626A1228400A5A1CC /* Assets.xcassets */ = {isa = PBXFileReference; lastKnownFileType = folder.assetcatalog; path = Assets.xcassets; sourceTree = "<group>"; };
		FFB8E9A926A1228400A5A1CC /* Base */ = {isa = PBXFileReference; lastKnownFileType = file.storyboard; name = Base; path = Base.lproj/LaunchScreen.storyboard; sourceTree = "<group>"; };
		FFB8E9AB26A1228400A5A1CC /* Info.plist */ = {isa = PBXFileReference; lastKnownFileType = text.plist.xml; path = Info.plist; sourceTree = "<group>"; };
		FFB8E9B026A1228400A5A1CC /* CarrotMarketTests.xctest */ = {isa = PBXFileReference; explicitFileType = wrapper.cfbundle; includeInIndex = 0; path = CarrotMarketTests.xctest; sourceTree = BUILT_PRODUCTS_DIR; };
		FFB8E9B426A1228400A5A1CC /* CarrotMarketTests.swift */ = {isa = PBXFileReference; lastKnownFileType = sourcecode.swift; path = CarrotMarketTests.swift; sourceTree = "<group>"; };
		FFB8E9B626A1228400A5A1CC /* Info.plist */ = {isa = PBXFileReference; lastKnownFileType = text.plist.xml; path = Info.plist; sourceTree = "<group>"; };
		FFB8E9BB26A1228400A5A1CC /* CarrotMarketUITests.xctest */ = {isa = PBXFileReference; explicitFileType = wrapper.cfbundle; includeInIndex = 0; path = CarrotMarketUITests.xctest; sourceTree = BUILT_PRODUCTS_DIR; };
		FFB8E9BF26A1228400A5A1CC /* CarrotMarketUITests.swift */ = {isa = PBXFileReference; lastKnownFileType = sourcecode.swift; path = CarrotMarketUITests.swift; sourceTree = "<group>"; };
		FFB8E9C126A1228400A5A1CC /* Info.plist */ = {isa = PBXFileReference; lastKnownFileType = text.plist.xml; path = Info.plist; sourceTree = "<group>"; };
		FFB8E9CD26A1282400A5A1CC /* GoodsListCellNode.swift */ = {isa = PBXFileReference; lastKnownFileType = sourcecode.swift; path = GoodsListCellNode.swift; sourceTree = "<group>"; };
		FFCD057226A675A100AF76FE /* NetworkService.swift */ = {isa = PBXFileReference; lastKnownFileType = sourcecode.swift; path = NetworkService.swift; sourceTree = "<group>"; };
		FFCD057426A67DA800AF76FE /* GoodsStore.swift */ = {isa = PBXFileReference; lastKnownFileType = sourcecode.swift; path = GoodsStore.swift; sourceTree = "<group>"; };
		FFE4B8C726A814D900753160 /* goods.json */ = {isa = PBXFileReference; lastKnownFileType = text.json; path = goods.json; sourceTree = "<group>"; };
/* End PBXFileReference section */

/* Begin PBXFrameworksBuildPhase section */
		FFB8E99726A1228200A5A1CC /* Frameworks */ = {
			isa = PBXFrameworksBuildPhase;
			buildActionMask = 2147483647;
			files = (
				A4D5851D56EE0EDA7A6A2F33 /* Pods_CarrotMarket.framework in Frameworks */,
			);
			runOnlyForDeploymentPostprocessing = 0;
		};
		FFB8E9AD26A1228400A5A1CC /* Frameworks */ = {
			isa = PBXFrameworksBuildPhase;
			buildActionMask = 2147483647;
			files = (
				27AE06B93E1B42FF4EFFE4C0 /* Pods_CarrotMarketTests.framework in Frameworks */,
			);
			runOnlyForDeploymentPostprocessing = 0;
		};
		FFB8E9B826A1228400A5A1CC /* Frameworks */ = {
			isa = PBXFrameworksBuildPhase;
			buildActionMask = 2147483647;
			files = (
				2BED2E20FF7F457480306665 /* Pods_CarrotMarket_CarrotMarketUITests.framework in Frameworks */,
			);
			runOnlyForDeploymentPostprocessing = 0;
		};
/* End PBXFrameworksBuildPhase section */

/* Begin PBXGroup section */
		1CBE47392FBE7A8E527908E5 /* Pods */ = {
			isa = PBXGroup;
			children = (
				2259646BC9589EB528F52CB5 /* Pods-CarrotMarket.debug.xcconfig */,
				775AB91BFEA1BA5516E4A243 /* Pods-CarrotMarket.release.xcconfig */,
				28D51CEAB119E6F37CB14C08 /* Pods-CarrotMarket-CarrotMarketUITests.debug.xcconfig */,
				7A3C917D6E1186F49428AB47 /* Pods-CarrotMarket-CarrotMarketUITests.release.xcconfig */,
				ABF5B2481576324861CDA51F /* Pods-CarrotMarketTests.debug.xcconfig */,
				E381C4C9A23E09366E72FE0D /* Pods-CarrotMarketTests.release.xcconfig */,
			);
			path = Pods;
			sourceTree = "<group>";
		};
		5613693D75E92F7A1778D36C /* Frameworks */ = {
			isa = PBXGroup;
			children = (
				91B509710C72C39DEC0744C3 /* Pods_CarrotMarket.framework */,
				C2843DECF99CC7EAA4B1991D /* Pods_CarrotMarket_CarrotMarketUITests.framework */,
				F30ADD8A62022EE6668F114A /* Pods_CarrotMarketTests.framework */,
			);
			name = Frameworks;
			sourceTree = "<group>";
		};
		FF0437F026A189E100AEB63F /* Controllers */ = {
			isa = PBXGroup;
			children = (
				FFB8E9A126A1228200A5A1CC /* HomeViewController.swift */,
			);
			path = Controllers;
			sourceTree = "<group>";
		};
		FF0437F126A189FA00AEB63F /* Models */ = {
			isa = PBXGroup;
			children = (
				FF0437F526A18C9E00AEB63F /* Goods.swift */,
				FF0437F726A198F900AEB63F /* ContectState.swift */,
			);
			path = Models;
			sourceTree = "<group>";
		};
		FF0437F226A189FF00AEB63F /* Nodes */ = {
			isa = PBXGroup;
			children = (
				FFB8E9CD26A1282400A5A1CC /* GoodsListCellNode.swift */,
			);
			path = Nodes;
			sourceTree = "<group>";
		};
		FF0437F326A18A1B00AEB63F /* Application */ = {
			isa = PBXGroup;
			children = (
				FFB8E99D26A1228200A5A1CC /* AppDelegate.swift */,
				FFB8E99F26A1228200A5A1CC /* SceneDelegate.swift */,
			);
			path = Application;
			sourceTree = "<group>";
		};
		FF0437F426A18A4400AEB63F /* SupportingFiles */ = {
			isa = PBXGroup;
			children = (
				FFB8E9A626A1228400A5A1CC /* Assets.xcassets */,
				FFB8E9A826A1228400A5A1CC /* LaunchScreen.storyboard */,
				FFB8E9AB26A1228400A5A1CC /* Info.plist */,
				FFE4B8C726A814D900753160 /* goods.json */,
			);
			path = SupportingFiles;
			sourceTree = "<group>";
		};
		FF0437F926A19EC700AEB63F /* ViewModels */ = {
			isa = PBXGroup;
			children = (
				FF0437FA26A19F0400AEB63F /* HomeViewModel.swift */,
				FF0437FC26A2B92A00AEB63F /* ViewGoods.swift */,
			);
			path = ViewModels;
			sourceTree = "<group>";
		};
		FFB8E99126A1228200A5A1CC = {
			isa = PBXGroup;
			children = (
				FFB8E99C26A1228200A5A1CC /* CarrotMarket */,
				FFB8E9B326A1228400A5A1CC /* CarrotMarketTests */,
				FFB8E9BE26A1228400A5A1CC /* CarrotMarketUITests */,
				FFB8E99B26A1228200A5A1CC /* Products */,
				1CBE47392FBE7A8E527908E5 /* Pods */,
				5613693D75E92F7A1778D36C /* Frameworks */,
			);
			sourceTree = "<group>";
		};
		FFB8E99B26A1228200A5A1CC /* Products */ = {
			isa = PBXGroup;
			children = (
				FFB8E99A26A1228200A5A1CC /* CarrotMarket.app */,
				FFB8E9B026A1228400A5A1CC /* CarrotMarketTests.xctest */,
				FFB8E9BB26A1228400A5A1CC /* CarrotMarketUITests.xctest */,
			);
			name = Products;
			sourceTree = "<group>";
		};
		FFB8E99C26A1228200A5A1CC /* CarrotMarket */ = {
			isa = PBXGroup;
			children = (
				FF0437F326A18A1B00AEB63F /* Application */,
				FF0437F026A189E100AEB63F /* Controllers */,
				FF0437F926A19EC700AEB63F /* ViewModels */,
				FF0437F226A189FF00AEB63F /* Nodes */,
				FF0437F126A189FA00AEB63F /* Models */,
				FFCD057026A6758100AF76FE /* Services */,
				FF0437F426A18A4400AEB63F /* SupportingFiles */,
			);
			path = CarrotMarket;
			sourceTree = "<group>";
		};
		FFB8E9B326A1228400A5A1CC /* CarrotMarketTests */ = {
			isa = PBXGroup;
			children = (
				FFB8E9B426A1228400A5A1CC /* CarrotMarketTests.swift */,
				FFB8E9B626A1228400A5A1CC /* Info.plist */,
			);
			path = CarrotMarketTests;
			sourceTree = "<group>";
		};
		FFB8E9BE26A1228400A5A1CC /* CarrotMarketUITests */ = {
			isa = PBXGroup;
			children = (
				FFB8E9BF26A1228400A5A1CC /* CarrotMarketUITests.swift */,
				FFB8E9C126A1228400A5A1CC /* Info.plist */,
			);
			path = CarrotMarketUITests;
			sourceTree = "<group>";
		};
		FFCD057026A6758100AF76FE /* Services */ = {
			isa = PBXGroup;
			children = (
				FFCD057226A675A100AF76FE /* NetworkService.swift */,
				FFCD057426A67DA800AF76FE /* GoodsStore.swift */,
			);
			path = Services;
			sourceTree = "<group>";
		};
/* End PBXGroup section */

/* Begin PBXNativeTarget section */
		FFB8E99926A1228200A5A1CC /* CarrotMarket */ = {
			isa = PBXNativeTarget;
			buildConfigurationList = FFB8E9C426A1228400A5A1CC /* Build configuration list for PBXNativeTarget "CarrotMarket" */;
			buildPhases = (
				44EBC6B63A421711B90A42A6 /* [CP] Check Pods Manifest.lock */,
				FFB8E99626A1228200A5A1CC /* Sources */,
				FFB8E99726A1228200A5A1CC /* Frameworks */,
				FFB8E99826A1228200A5A1CC /* Resources */,
				FD52A7467FFC403864E2B16C /* [CP] Embed Pods Frameworks */,
			);
			buildRules = (
			);
			dependencies = (
			);
			name = CarrotMarket;
			productName = CarrotMarket;
			productReference = FFB8E99A26A1228200A5A1CC /* CarrotMarket.app */;
			productType = "com.apple.product-type.application";
		};
		FFB8E9AF26A1228400A5A1CC /* CarrotMarketTests */ = {
			isa = PBXNativeTarget;
			buildConfigurationList = FFB8E9C726A1228400A5A1CC /* Build configuration list for PBXNativeTarget "CarrotMarketTests" */;
			buildPhases = (
				9C3DA0467DDD14C007577813 /* [CP] Check Pods Manifest.lock */,
				FFB8E9AC26A1228400A5A1CC /* Sources */,
				FFB8E9AD26A1228400A5A1CC /* Frameworks */,
				FFB8E9AE26A1228400A5A1CC /* Resources */,
			);
			buildRules = (
			);
			dependencies = (
				FFB8E9B226A1228400A5A1CC /* PBXTargetDependency */,
			);
			name = CarrotMarketTests;
			productName = CarrotMarketTests;
			productReference = FFB8E9B026A1228400A5A1CC /* CarrotMarketTests.xctest */;
			productType = "com.apple.product-type.bundle.unit-test";
		};
		FFB8E9BA26A1228400A5A1CC /* CarrotMarketUITests */ = {
			isa = PBXNativeTarget;
			buildConfigurationList = FFB8E9CA26A1228400A5A1CC /* Build configuration list for PBXNativeTarget "CarrotMarketUITests" */;
			buildPhases = (
				CC71CE495A1729C632C4716A /* [CP] Check Pods Manifest.lock */,
				FFB8E9B726A1228400A5A1CC /* Sources */,
				FFB8E9B826A1228400A5A1CC /* Frameworks */,
				FFB8E9B926A1228400A5A1CC /* Resources */,
				ECEA46C9D1B186806CCB228D /* [CP] Embed Pods Frameworks */,
			);
			buildRules = (
			);
			dependencies = (
				FFB8E9BD26A1228400A5A1CC /* PBXTargetDependency */,
			);
			name = CarrotMarketUITests;
			productName = CarrotMarketUITests;
			productReference = FFB8E9BB26A1228400A5A1CC /* CarrotMarketUITests.xctest */;
			productType = "com.apple.product-type.bundle.ui-testing";
		};
/* End PBXNativeTarget section */

/* Begin PBXProject section */
		FFB8E99226A1228200A5A1CC /* Project object */ = {
			isa = PBXProject;
			attributes = {
				LastSwiftUpdateCheck = 1250;
				LastUpgradeCheck = 1250;
				TargetAttributes = {
					FFB8E99926A1228200A5A1CC = {
						CreatedOnToolsVersion = 12.5.1;
					};
					FFB8E9AF26A1228400A5A1CC = {
						CreatedOnToolsVersion = 12.5.1;
						TestTargetID = FFB8E99926A1228200A5A1CC;
					};
					FFB8E9BA26A1228400A5A1CC = {
						CreatedOnToolsVersion = 12.5.1;
						TestTargetID = FFB8E99926A1228200A5A1CC;
					};
				};
			};
			buildConfigurationList = FFB8E99526A1228200A5A1CC /* Build configuration list for PBXProject "CarrotMarket" */;
			compatibilityVersion = "Xcode 9.3";
			developmentRegion = en;
			hasScannedForEncodings = 0;
			knownRegions = (
				en,
				Base,
			);
			mainGroup = FFB8E99126A1228200A5A1CC;
			productRefGroup = FFB8E99B26A1228200A5A1CC /* Products */;
			projectDirPath = "";
			projectRoot = "";
			targets = (
				FFB8E99926A1228200A5A1CC /* CarrotMarket */,
				FFB8E9AF26A1228400A5A1CC /* CarrotMarketTests */,
				FFB8E9BA26A1228400A5A1CC /* CarrotMarketUITests */,
			);
		};
/* End PBXProject section */

/* Begin PBXResourcesBuildPhase section */
		FFB8E99826A1228200A5A1CC /* Resources */ = {
			isa = PBXResourcesBuildPhase;
			buildActionMask = 2147483647;
			files = (
				FFB8E9AA26A1228400A5A1CC /* LaunchScreen.storyboard in Resources */,
				FFB8E9A726A1228400A5A1CC /* Assets.xcassets in Resources */,
				FFE4B8C826A814D900753160 /* goods.json in Resources */,
			);
			runOnlyForDeploymentPostprocessing = 0;
		};
		FFB8E9AE26A1228400A5A1CC /* Resources */ = {
			isa = PBXResourcesBuildPhase;
			buildActionMask = 2147483647;
			files = (
			);
			runOnlyForDeploymentPostprocessing = 0;
		};
		FFB8E9B926A1228400A5A1CC /* Resources */ = {
			isa = PBXResourcesBuildPhase;
			buildActionMask = 2147483647;
			files = (
			);
			runOnlyForDeploymentPostprocessing = 0;
		};
/* End PBXResourcesBuildPhase section */

/* Begin PBXShellScriptBuildPhase section */
		44EBC6B63A421711B90A42A6 /* [CP] Check Pods Manifest.lock */ = {
			isa = PBXShellScriptBuildPhase;
			buildActionMask = 2147483647;
			files = (
			);
			inputFileListPaths = (
			);
			inputPaths = (
				"${PODS_PODFILE_DIR_PATH}/Podfile.lock",
				"${PODS_ROOT}/Manifest.lock",
			);
			name = "[CP] Check Pods Manifest.lock";
			outputFileListPaths = (
			);
			outputPaths = (
				"$(DERIVED_FILE_DIR)/Pods-CarrotMarket-checkManifestLockResult.txt",
			);
			runOnlyForDeploymentPostprocessing = 0;
			shellPath = /bin/sh;
			shellScript = "diff \"${PODS_PODFILE_DIR_PATH}/Podfile.lock\" \"${PODS_ROOT}/Manifest.lock\" > /dev/null\nif [ $? != 0 ] ; then\n    # print error to STDERR\n    echo \"error: The sandbox is not in sync with the Podfile.lock. Run 'pod install' or update your CocoaPods installation.\" >&2\n    exit 1\nfi\n# This output is used by Xcode 'outputs' to avoid re-running this script phase.\necho \"SUCCESS\" > \"${SCRIPT_OUTPUT_FILE_0}\"\n";
			showEnvVarsInLog = 0;
		};
		9C3DA0467DDD14C007577813 /* [CP] Check Pods Manifest.lock */ = {
			isa = PBXShellScriptBuildPhase;
			buildActionMask = 2147483647;
			files = (
			);
			inputFileListPaths = (
			);
			inputPaths = (
				"${PODS_PODFILE_DIR_PATH}/Podfile.lock",
				"${PODS_ROOT}/Manifest.lock",
			);
			name = "[CP] Check Pods Manifest.lock";
			outputFileListPaths = (
			);
			outputPaths = (
				"$(DERIVED_FILE_DIR)/Pods-CarrotMarketTests-checkManifestLockResult.txt",
			);
			runOnlyForDeploymentPostprocessing = 0;
			shellPath = /bin/sh;
			shellScript = "diff \"${PODS_PODFILE_DIR_PATH}/Podfile.lock\" \"${PODS_ROOT}/Manifest.lock\" > /dev/null\nif [ $? != 0 ] ; then\n    # print error to STDERR\n    echo \"error: The sandbox is not in sync with the Podfile.lock. Run 'pod install' or update your CocoaPods installation.\" >&2\n    exit 1\nfi\n# This output is used by Xcode 'outputs' to avoid re-running this script phase.\necho \"SUCCESS\" > \"${SCRIPT_OUTPUT_FILE_0}\"\n";
			showEnvVarsInLog = 0;
		};
		CC71CE495A1729C632C4716A /* [CP] Check Pods Manifest.lock */ = {
			isa = PBXShellScriptBuildPhase;
			buildActionMask = 2147483647;
			files = (
			);
			inputFileListPaths = (
			);
			inputPaths = (
				"${PODS_PODFILE_DIR_PATH}/Podfile.lock",
				"${PODS_ROOT}/Manifest.lock",
			);
			name = "[CP] Check Pods Manifest.lock";
			outputFileListPaths = (
			);
			outputPaths = (
				"$(DERIVED_FILE_DIR)/Pods-CarrotMarket-CarrotMarketUITests-checkManifestLockResult.txt",
			);
			runOnlyForDeploymentPostprocessing = 0;
			shellPath = /bin/sh;
			shellScript = "diff \"${PODS_PODFILE_DIR_PATH}/Podfile.lock\" \"${PODS_ROOT}/Manifest.lock\" > /dev/null\nif [ $? != 0 ] ; then\n    # print error to STDERR\n    echo \"error: The sandbox is not in sync with the Podfile.lock. Run 'pod install' or update your CocoaPods installation.\" >&2\n    exit 1\nfi\n# This output is used by Xcode 'outputs' to avoid re-running this script phase.\necho \"SUCCESS\" > \"${SCRIPT_OUTPUT_FILE_0}\"\n";
			showEnvVarsInLog = 0;
		};
		ECEA46C9D1B186806CCB228D /* [CP] Embed Pods Frameworks */ = {
			isa = PBXShellScriptBuildPhase;
			buildActionMask = 2147483647;
			files = (
			);
			inputFileListPaths = (
				"${PODS_ROOT}/Target Support Files/Pods-CarrotMarket-CarrotMarketUITests/Pods-CarrotMarket-CarrotMarketUITests-frameworks-${CONFIGURATION}-input-files.xcfilelist",
			);
			name = "[CP] Embed Pods Frameworks";
			outputFileListPaths = (
				"${PODS_ROOT}/Target Support Files/Pods-CarrotMarket-CarrotMarketUITests/Pods-CarrotMarket-CarrotMarketUITests-frameworks-${CONFIGURATION}-output-files.xcfilelist",
			);
			runOnlyForDeploymentPostprocessing = 0;
			shellPath = /bin/sh;
			shellScript = "\"${PODS_ROOT}/Target Support Files/Pods-CarrotMarket-CarrotMarketUITests/Pods-CarrotMarket-CarrotMarketUITests-frameworks.sh\"\n";
			showEnvVarsInLog = 0;
		};
		FD52A7467FFC403864E2B16C /* [CP] Embed Pods Frameworks */ = {
			isa = PBXShellScriptBuildPhase;
			buildActionMask = 2147483647;
			files = (
			);
			inputFileListPaths = (
				"${PODS_ROOT}/Target Support Files/Pods-CarrotMarket/Pods-CarrotMarket-frameworks-${CONFIGURATION}-input-files.xcfilelist",
			);
			name = "[CP] Embed Pods Frameworks";
			outputFileListPaths = (
				"${PODS_ROOT}/Target Support Files/Pods-CarrotMarket/Pods-CarrotMarket-frameworks-${CONFIGURATION}-output-files.xcfilelist",
			);
			runOnlyForDeploymentPostprocessing = 0;
			shellPath = /bin/sh;
			shellScript = "\"${PODS_ROOT}/Target Support Files/Pods-CarrotMarket/Pods-CarrotMarket-frameworks.sh\"\n";
			showEnvVarsInLog = 0;
		};
/* End PBXShellScriptBuildPhase section */

/* Begin PBXSourcesBuildPhase section */
		FFB8E99626A1228200A5A1CC /* Sources */ = {
			isa = PBXSourcesBuildPhase;
			buildActionMask = 2147483647;
			files = (
				FFCD057526A67DA800AF76FE /* GoodsStore.swift in Sources */,
				FF0437F626A18C9E00AEB63F /* Goods.swift in Sources */,
				FF0437FD26A2B92A00AEB63F /* ViewGoods.swift in Sources */,
				FFB8E9CE26A1282400A5A1CC /* GoodsListCellNode.swift in Sources */,
				FF0437FB26A19F0400AEB63F /* HomeViewModel.swift in Sources */,
				FFCD057326A675A100AF76FE /* NetworkService.swift in Sources */,
				FFB8E9A226A1228200A5A1CC /* HomeViewController.swift in Sources */,
				FFB8E99E26A1228200A5A1CC /* AppDelegate.swift in Sources */,
				FF0437F826A198F900AEB63F /* ContectState.swift in Sources */,
				FFB8E9A026A1228200A5A1CC /* SceneDelegate.swift in Sources */,
			);
			runOnlyForDeploymentPostprocessing = 0;
		};
		FFB8E9AC26A1228400A5A1CC /* Sources */ = {
			isa = PBXSourcesBuildPhase;
			buildActionMask = 2147483647;
			files = (
				FFB8E9B526A1228400A5A1CC /* CarrotMarketTests.swift in Sources */,
			);
			runOnlyForDeploymentPostprocessing = 0;
		};
		FFB8E9B726A1228400A5A1CC /* Sources */ = {
			isa = PBXSourcesBuildPhase;
			buildActionMask = 2147483647;
			files = (
				FFB8E9C026A1228400A5A1CC /* CarrotMarketUITests.swift in Sources */,
			);
			runOnlyForDeploymentPostprocessing = 0;
		};
/* End PBXSourcesBuildPhase section */

/* Begin PBXTargetDependency section */
		FFB8E9B226A1228400A5A1CC /* PBXTargetDependency */ = {
			isa = PBXTargetDependency;
			target = FFB8E99926A1228200A5A1CC /* CarrotMarket */;
			targetProxy = FFB8E9B126A1228400A5A1CC /* PBXContainerItemProxy */;
		};
		FFB8E9BD26A1228400A5A1CC /* PBXTargetDependency */ = {
			isa = PBXTargetDependency;
			target = FFB8E99926A1228200A5A1CC /* CarrotMarket */;
			targetProxy = FFB8E9BC26A1228400A5A1CC /* PBXContainerItemProxy */;
		};
/* End PBXTargetDependency section */

/* Begin PBXVariantGroup section */
		FFB8E9A826A1228400A5A1CC /* LaunchScreen.storyboard */ = {
			isa = PBXVariantGroup;
			children = (
				FFB8E9A926A1228400A5A1CC /* Base */,
			);
			name = LaunchScreen.storyboard;
			sourceTree = "<group>";
		};
/* End PBXVariantGroup section */

/* Begin XCBuildConfiguration section */
		FFB8E9C226A1228400A5A1CC /* Debug */ = {
			isa = XCBuildConfiguration;
			buildSettings = {
				ALWAYS_SEARCH_USER_PATHS = NO;
				CLANG_ANALYZER_NONNULL = YES;
				CLANG_ANALYZER_NUMBER_OBJECT_CONVERSION = YES_AGGRESSIVE;
				CLANG_CXX_LANGUAGE_STANDARD = "gnu++14";
				CLANG_CXX_LIBRARY = "libc++";
				CLANG_ENABLE_MODULES = YES;
				CLANG_ENABLE_OBJC_ARC = YES;
				CLANG_ENABLE_OBJC_WEAK = YES;
				CLANG_WARN_BLOCK_CAPTURE_AUTORELEASING = YES;
				CLANG_WARN_BOOL_CONVERSION = YES;
				CLANG_WARN_COMMA = YES;
				CLANG_WARN_CONSTANT_CONVERSION = YES;
				CLANG_WARN_DEPRECATED_OBJC_IMPLEMENTATIONS = YES;
				CLANG_WARN_DIRECT_OBJC_ISA_USAGE = YES_ERROR;
				CLANG_WARN_DOCUMENTATION_COMMENTS = YES;
				CLANG_WARN_EMPTY_BODY = YES;
				CLANG_WARN_ENUM_CONVERSION = YES;
				CLANG_WARN_INFINITE_RECURSION = YES;
				CLANG_WARN_INT_CONVERSION = YES;
				CLANG_WARN_NON_LITERAL_NULL_CONVERSION = YES;
				CLANG_WARN_OBJC_IMPLICIT_RETAIN_SELF = YES;
				CLANG_WARN_OBJC_LITERAL_CONVERSION = YES;
				CLANG_WARN_OBJC_ROOT_CLASS = YES_ERROR;
				CLANG_WARN_QUOTED_INCLUDE_IN_FRAMEWORK_HEADER = YES;
				CLANG_WARN_RANGE_LOOP_ANALYSIS = YES;
				CLANG_WARN_STRICT_PROTOTYPES = YES;
				CLANG_WARN_SUSPICIOUS_MOVE = YES;
				CLANG_WARN_UNGUARDED_AVAILABILITY = YES_AGGRESSIVE;
				CLANG_WARN_UNREACHABLE_CODE = YES;
				CLANG_WARN__DUPLICATE_METHOD_MATCH = YES;
				COPY_PHASE_STRIP = NO;
				DEBUG_INFORMATION_FORMAT = dwarf;
				ENABLE_STRICT_OBJC_MSGSEND = YES;
				ENABLE_TESTABILITY = YES;
				GCC_C_LANGUAGE_STANDARD = gnu11;
				GCC_DYNAMIC_NO_PIC = NO;
				GCC_NO_COMMON_BLOCKS = YES;
				GCC_OPTIMIZATION_LEVEL = 0;
				GCC_PREPROCESSOR_DEFINITIONS = (
					"DEBUG=1",
					"$(inherited)",
				);
				GCC_WARN_64_TO_32_BIT_CONVERSION = YES;
				GCC_WARN_ABOUT_RETURN_TYPE = YES_ERROR;
				GCC_WARN_UNDECLARED_SELECTOR = YES;
				GCC_WARN_UNINITIALIZED_AUTOS = YES_AGGRESSIVE;
				GCC_WARN_UNUSED_FUNCTION = YES;
				GCC_WARN_UNUSED_VARIABLE = YES;
				IPHONEOS_DEPLOYMENT_TARGET = 14.5;
				MTL_ENABLE_DEBUG_INFO = INCLUDE_SOURCE;
				MTL_FAST_MATH = YES;
				ONLY_ACTIVE_ARCH = YES;
				SDKROOT = iphoneos;
				SWIFT_ACTIVE_COMPILATION_CONDITIONS = DEBUG;
				SWIFT_OPTIMIZATION_LEVEL = "-Onone";
			};
			name = Debug;
		};
		FFB8E9C326A1228400A5A1CC /* Release */ = {
			isa = XCBuildConfiguration;
			buildSettings = {
				ALWAYS_SEARCH_USER_PATHS = NO;
				CLANG_ANALYZER_NONNULL = YES;
				CLANG_ANALYZER_NUMBER_OBJECT_CONVERSION = YES_AGGRESSIVE;
				CLANG_CXX_LANGUAGE_STANDARD = "gnu++14";
				CLANG_CXX_LIBRARY = "libc++";
				CLANG_ENABLE_MODULES = YES;
				CLANG_ENABLE_OBJC_ARC = YES;
				CLANG_ENABLE_OBJC_WEAK = YES;
				CLANG_WARN_BLOCK_CAPTURE_AUTORELEASING = YES;
				CLANG_WARN_BOOL_CONVERSION = YES;
				CLANG_WARN_COMMA = YES;
				CLANG_WARN_CONSTANT_CONVERSION = YES;
				CLANG_WARN_DEPRECATED_OBJC_IMPLEMENTATIONS = YES;
				CLANG_WARN_DIRECT_OBJC_ISA_USAGE = YES_ERROR;
				CLANG_WARN_DOCUMENTATION_COMMENTS = YES;
				CLANG_WARN_EMPTY_BODY = YES;
				CLANG_WARN_ENUM_CONVERSION = YES;
				CLANG_WARN_INFINITE_RECURSION = YES;
				CLANG_WARN_INT_CONVERSION = YES;
				CLANG_WARN_NON_LITERAL_NULL_CONVERSION = YES;
				CLANG_WARN_OBJC_IMPLICIT_RETAIN_SELF = YES;
				CLANG_WARN_OBJC_LITERAL_CONVERSION = YES;
				CLANG_WARN_OBJC_ROOT_CLASS = YES_ERROR;
				CLANG_WARN_QUOTED_INCLUDE_IN_FRAMEWORK_HEADER = YES;
				CLANG_WARN_RANGE_LOOP_ANALYSIS = YES;
				CLANG_WARN_STRICT_PROTOTYPES = YES;
				CLANG_WARN_SUSPICIOUS_MOVE = YES;
				CLANG_WARN_UNGUARDED_AVAILABILITY = YES_AGGRESSIVE;
				CLANG_WARN_UNREACHABLE_CODE = YES;
				CLANG_WARN__DUPLICATE_METHOD_MATCH = YES;
				COPY_PHASE_STRIP = NO;
				DEBUG_INFORMATION_FORMAT = "dwarf-with-dsym";
				ENABLE_NS_ASSERTIONS = NO;
				ENABLE_STRICT_OBJC_MSGSEND = YES;
				GCC_C_LANGUAGE_STANDARD = gnu11;
				GCC_NO_COMMON_BLOCKS = YES;
				GCC_WARN_64_TO_32_BIT_CONVERSION = YES;
				GCC_WARN_ABOUT_RETURN_TYPE = YES_ERROR;
				GCC_WARN_UNDECLARED_SELECTOR = YES;
				GCC_WARN_UNINITIALIZED_AUTOS = YES_AGGRESSIVE;
				GCC_WARN_UNUSED_FUNCTION = YES;
				GCC_WARN_UNUSED_VARIABLE = YES;
				IPHONEOS_DEPLOYMENT_TARGET = 14.5;
				MTL_ENABLE_DEBUG_INFO = NO;
				MTL_FAST_MATH = YES;
				SDKROOT = iphoneos;
				SWIFT_COMPILATION_MODE = wholemodule;
				SWIFT_OPTIMIZATION_LEVEL = "-O";
				VALIDATE_PRODUCT = YES;
			};
			name = Release;
		};
		FFB8E9C526A1228400A5A1CC /* Debug */ = {
			isa = XCBuildConfiguration;
			baseConfigurationReference = 2259646BC9589EB528F52CB5 /* Pods-CarrotMarket.debug.xcconfig */;
			buildSettings = {
				ASSETCATALOG_COMPILER_APPICON_NAME = AppIcon;
				ASSETCATALOG_COMPILER_GLOBAL_ACCENT_COLOR_NAME = AccentColor;
				CODE_SIGN_STYLE = Automatic;
				DEVELOPMENT_TEAM = HB2J52X7V7;
				INFOPLIST_FILE = CarrotMarket/SupportingFiles/Info.plist;
				LD_RUNPATH_SEARCH_PATHS = (
					"$(inherited)",
					"@executable_path/Frameworks",
				);
				PRODUCT_BUNDLE_IDENTIFIER = Dumba.CarrotMarket;
				PRODUCT_NAME = "$(TARGET_NAME)";
				SWIFT_VERSION = 5.0;
				TARGETED_DEVICE_FAMILY = "1,2";
			};
			name = Debug;
		};
		FFB8E9C626A1228400A5A1CC /* Release */ = {
			isa = XCBuildConfiguration;
			baseConfigurationReference = 775AB91BFEA1BA5516E4A243 /* Pods-CarrotMarket.release.xcconfig */;
			buildSettings = {
				ASSETCATALOG_COMPILER_APPICON_NAME = AppIcon;
				ASSETCATALOG_COMPILER_GLOBAL_ACCENT_COLOR_NAME = AccentColor;
				CODE_SIGN_STYLE = Automatic;
				DEVELOPMENT_TEAM = HB2J52X7V7;
				INFOPLIST_FILE = CarrotMarket/SupportingFiles/Info.plist;
				LD_RUNPATH_SEARCH_PATHS = (
					"$(inherited)",
					"@executable_path/Frameworks",
				);
				PRODUCT_BUNDLE_IDENTIFIER = Dumba.CarrotMarket;
				PRODUCT_NAME = "$(TARGET_NAME)";
				SWIFT_VERSION = 5.0;
				TARGETED_DEVICE_FAMILY = "1,2";
			};
			name = Release;
		};
		FFB8E9C826A1228400A5A1CC /* Debug */ = {
			isa = XCBuildConfiguration;
			baseConfigurationReference = ABF5B2481576324861CDA51F /* Pods-CarrotMarketTests.debug.xcconfig */;
			buildSettings = {
				ALWAYS_EMBED_SWIFT_STANDARD_LIBRARIES = YES;
				BUNDLE_LOADER = "$(TEST_HOST)";
				CODE_SIGN_STYLE = Automatic;
				DEVELOPMENT_TEAM = HB2J52X7V7;
				INFOPLIST_FILE = CarrotMarketTests/Info.plist;
				IPHONEOS_DEPLOYMENT_TARGET = 14.5;
				LD_RUNPATH_SEARCH_PATHS = (
					"$(inherited)",
					"@executable_path/Frameworks",
					"@loader_path/Frameworks",
				);
				PRODUCT_BUNDLE_IDENTIFIER = Dumba.CarrotMarketTests;
				PRODUCT_NAME = "$(TARGET_NAME)";
				SWIFT_VERSION = 5.0;
				TARGETED_DEVICE_FAMILY = "1,2";
				TEST_HOST = "$(BUILT_PRODUCTS_DIR)/CarrotMarket.app/CarrotMarket";
			};
			name = Debug;
		};
		FFB8E9C926A1228400A5A1CC /* Release */ = {
			isa = XCBuildConfiguration;
			baseConfigurationReference = E381C4C9A23E09366E72FE0D /* Pods-CarrotMarketTests.release.xcconfig */;
			buildSettings = {
				ALWAYS_EMBED_SWIFT_STANDARD_LIBRARIES = YES;
				BUNDLE_LOADER = "$(TEST_HOST)";
				CODE_SIGN_STYLE = Automatic;
				DEVELOPMENT_TEAM = HB2J52X7V7;
				INFOPLIST_FILE = CarrotMarketTests/Info.plist;
				IPHONEOS_DEPLOYMENT_TARGET = 14.5;
				LD_RUNPATH_SEARCH_PATHS = (
					"$(inherited)",
					"@executable_path/Frameworks",
					"@loader_path/Frameworks",
				);
				PRODUCT_BUNDLE_IDENTIFIER = Dumba.CarrotMarketTests;
				PRODUCT_NAME = "$(TARGET_NAME)";
				SWIFT_VERSION = 5.0;
				TARGETED_DEVICE_FAMILY = "1,2";
				TEST_HOST = "$(BUILT_PRODUCTS_DIR)/CarrotMarket.app/CarrotMarket";
			};
			name = Release;
		};
		FFB8E9CB26A1228400A5A1CC /* Debug */ = {
			isa = XCBuildConfiguration;
			baseConfigurationReference = 28D51CEAB119E6F37CB14C08 /* Pods-CarrotMarket-CarrotMarketUITests.debug.xcconfig */;
			buildSettings = {
				ALWAYS_EMBED_SWIFT_STANDARD_LIBRARIES = YES;
				CODE_SIGN_STYLE = Automatic;
				DEVELOPMENT_TEAM = HB2J52X7V7;
				INFOPLIST_FILE = CarrotMarketUITests/Info.plist;
				LD_RUNPATH_SEARCH_PATHS = (
					"$(inherited)",
					"@executable_path/Frameworks",
					"@loader_path/Frameworks",
				);
				PRODUCT_BUNDLE_IDENTIFIER = Dumba.CarrotMarketUITests;
				PRODUCT_NAME = "$(TARGET_NAME)";
				SWIFT_VERSION = 5.0;
				TARGETED_DEVICE_FAMILY = "1,2";
				TEST_TARGET_NAME = CarrotMarket;
			};
			name = Debug;
		};
		FFB8E9CC26A1228400A5A1CC /* Release */ = {
			isa = XCBuildConfiguration;
			baseConfigurationReference = 7A3C917D6E1186F49428AB47 /* Pods-CarrotMarket-CarrotMarketUITests.release.xcconfig */;
			buildSettings = {
				ALWAYS_EMBED_SWIFT_STANDARD_LIBRARIES = YES;
				CODE_SIGN_STYLE = Automatic;
				DEVELOPMENT_TEAM = HB2J52X7V7;
				INFOPLIST_FILE = CarrotMarketUITests/Info.plist;
				LD_RUNPATH_SEARCH_PATHS = (
					"$(inherited)",
					"@executable_path/Frameworks",
					"@loader_path/Frameworks",
				);
				PRODUCT_BUNDLE_IDENTIFIER = Dumba.CarrotMarketUITests;
				PRODUCT_NAME = "$(TARGET_NAME)";
				SWIFT_VERSION = 5.0;
				TARGETED_DEVICE_FAMILY = "1,2";
				TEST_TARGET_NAME = CarrotMarket;
			};
			name = Release;
		};
/* End XCBuildConfiguration section */

/* Begin XCConfigurationList section */
		FFB8E99526A1228200A5A1CC /* Build configuration list for PBXProject "CarrotMarket" */ = {
			isa = XCConfigurationList;
			buildConfigurations = (
				FFB8E9C226A1228400A5A1CC /* Debug */,
				FFB8E9C326A1228400A5A1CC /* Release */,
			);
			defaultConfigurationIsVisible = 0;
			defaultConfigurationName = Release;
		};
		FFB8E9C426A1228400A5A1CC /* Build configuration list for PBXNativeTarget "CarrotMarket" */ = {
			isa = XCConfigurationList;
			buildConfigurations = (
				FFB8E9C526A1228400A5A1CC /* Debug */,
				FFB8E9C626A1228400A5A1CC /* Release */,
			);
			defaultConfigurationIsVisible = 0;
			defaultConfigurationName = Release;
		};
		FFB8E9C726A1228400A5A1CC /* Build configuration list for PBXNativeTarget "CarrotMarketTests" */ = {
			isa = XCConfigurationList;
			buildConfigurations = (
				FFB8E9C826A1228400A5A1CC /* Debug */,
				FFB8E9C926A1228400A5A1CC /* Release */,
			);
			defaultConfigurationIsVisible = 0;
			defaultConfigurationName = Release;
		};
		FFB8E9CA26A1228400A5A1CC /* Build configuration list for PBXNativeTarget "CarrotMarketUITests" */ = {
			isa = XCConfigurationList;
			buildConfigurations = (
				FFB8E9CB26A1228400A5A1CC /* Debug */,
				FFB8E9CC26A1228400A5A1CC /* Release */,
			);
			defaultConfigurationIsVisible = 0;
			defaultConfigurationName = Release;
		};
/* End XCConfigurationList section */
	};
	rootObject = FFB8E99226A1228200A5A1CC /* Project object */;
}
